{
    "name": "online-shop",
    "version": "1.0.0",
    "lockfileVersion": 1,
    "requires": true,
    "dependencies": {
        "agent-base": {
            "version": "4.3.0",
            "resolved": "https://registry.npmjs.org/agent-base/-/agent-base-4.3.0.tgz",
            "integrity": "sha512-salcGninV0nPrwpGNn4VTXBb1SOuXQBiqbrNXoeizJsHrsL6ERFM2Ne3JUSBWRE6aeNJI2ROP/WEEIDUiDe3cg==",
            "dev": true,
            "requires": {
                "es6-promisify": "^5.0.0"
            }
        },
        "ansi-styles": {
            "version": "3.2.1",
            "resolved": "https://registry.npmjs.org/ansi-styles/-/ansi-styles-3.2.1.tgz",
            "integrity": "sha512-VT0ZI6kZRdTh8YyJw3SMbYm/u+NqfsAxEpWO0Pf9sq8/e94WxxOpPKx9FR1FlyCtOVDNOQ+8ntlqFxiRc+r5qA==",
            "dev": true,
            "requires": {
                "color-convert": "^1.9.0"
            }
        },
        "ast-types": {
            "version": "0.14.2",
            "resolved": "https://registry.npmjs.org/ast-types/-/ast-types-0.14.2.tgz",
            "integrity": "sha512-O0yuUDnZeQDL+ncNGlJ78BiO4jnYI3bvMsD5prT0/nsgijG/LpNBIr63gTjVTNsiGkgQhiyCShTgxt8oXOrklA==",
            "dev": true,
            "requires": {
                "tslib": "^2.0.1"
            }
        },
        "asynckit": {
            "version": "0.4.0",
            "resolved": "https://registry.npmjs.org/asynckit/-/asynckit-0.4.0.tgz",
            "integrity": "sha1-x57Zf380y48robyXkLzDZkdLS3k=",
            "dev": true
        },
        "bytes": {
            "version": "3.1.0",
            "resolved": "https://registry.npmjs.org/bytes/-/bytes-3.1.0.tgz",
            "integrity": "sha512-zauLjrfCG+xvoyaqLoV8bLVXXNGC4JqlxFCutSDWA6fJrTo2ZuvLYTqZ7aHBLZSMOopbzwv8f+wZcVzfVTI2Dg==",
            "dev": true
        },
        "chalk": {
            "version": "2.4.2",
            "resolved": "https://registry.npmjs.org/chalk/-/chalk-2.4.2.tgz",
            "integrity": "sha512-Mti+f9lpJNcwF4tWV8/OrTTtF1gZi+f8FqlyAdouralcFWFQWF2+NgCHShjkCb+IFBLq9buZwE1xckQU4peSuQ==",
            "dev": true,
            "requires": {
                "ansi-styles": "^3.2.1",
                "escape-string-regexp": "^1.0.5",
                "supports-color": "^5.3.0"
            }
        },
        "co": {
            "version": "4.6.0",
            "resolved": "https://registry.npmjs.org/co/-/co-4.6.0.tgz",
            "integrity": "sha1-bqa989hTrlTMuOR7+gvz+QMfsYQ=",
            "dev": true
        },
        "color-convert": {
            "version": "1.9.3",
            "resolved": "https://registry.npmjs.org/color-convert/-/color-convert-1.9.3.tgz",
            "integrity": "sha512-QfAUtd+vFdAtFQcC8CCyYt1fYWxSqAiK2cSD6zDB8N3cpsEBAvRxp9zOGg6G/SHHJYAT88/az/IuDGALsNVbGg==",
            "dev": true,
            "requires": {
                "color-name": "1.1.3"
            }
        },
        "color-name": {
            "version": "1.1.3",
            "resolved": "https://registry.npmjs.org/color-name/-/color-name-1.1.3.tgz",
            "integrity": "sha1-p9BVi9icQveV3UIyj3QIMcpTvCU=",
            "dev": true
        },
        "combined-stream": {
            "version": "1.0.8",
            "resolved": "https://registry.npmjs.org/combined-stream/-/combined-stream-1.0.8.tgz",
            "integrity": "sha512-FQN4MRfuJeHf7cBbBMJFXhKSDq+2kAArBlmRBvcvFE5BB1HZKXtSFASDhdlz9zOYwxh8lDdnvmMOe/+5cdoEdg==",
            "dev": true,
            "requires": {
                "delayed-stream": "~1.0.0"
            }
        },
        "commander": {
            "version": "2.20.3",
            "resolved": "https://registry.npmjs.org/commander/-/commander-2.20.3.tgz",
            "integrity": "sha512-GpVkmM8vF2vQUkj2LvZmD35JxeJOLCwJ9cUkugyk2nuhbv3+mJvpLYYt+0+USMxE+oj+ey/lJEnhZw75x/OMcQ==",
            "dev": true
        },
        "component-emitter": {
            "version": "1.3.0",
            "resolved": "https://registry.npmjs.org/component-emitter/-/component-emitter-1.3.0.tgz",
            "integrity": "sha512-Rd3se6QB+sO1TwqZjscQrurpEPIfO0/yYnSin6Q/rD3mOutHvUrCAhJub3r90uNb+SESBuE0QYoB90YdfatsRg==",
            "dev": true
        },
        "cookiejar": {
            "version": "2.1.2",
            "resolved": "https://registry.npmjs.org/cookiejar/-/cookiejar-2.1.2.tgz",
            "integrity": "sha512-Mw+adcfzPxcPeI+0WlvRrr/3lGVO0bD75SxX6811cxSh1Wbxx7xZBGK1eVtDf6si8rg2lhnUjsVLMFMfbRIuwA==",
            "dev": true
        },
        "core-util-is": {
            "version": "1.0.2",
            "resolved": "https://registry.npmjs.org/core-util-is/-/core-util-is-1.0.2.tgz",
            "integrity": "sha1-tf1UIgqivFq1eqtxQMlAdUUDwac=",
            "dev": true
        },
        "data-uri-to-buffer": {
            "version": "1.2.0",
            "resolved": "https://registry.npmjs.org/data-uri-to-buffer/-/data-uri-to-buffer-1.2.0.tgz",
            "integrity": "sha512-vKQ9DTQPN1FLYiiEEOQ6IBGFqvjCa5rSK3cWMy/Nespm5d/x3dGFT9UBZnkLxCwua/IXBi2TYnwTEpsOvhC4UQ==",
            "dev": true
        },
        "debug": {
            "version": "3.2.6",
            "resolved": "https://registry.npmjs.org/debug/-/debug-3.2.6.tgz",
            "integrity": "sha512-mel+jf7nrtEl5Pn1Qx46zARXKDpBbvzezse7p7LqINmdoIk8PYP5SySaxEmYv6TZ0JyEKA1hsCId6DIhgITtWQ==",
            "dev": true,
            "requires": {
                "ms": "^2.1.1"
            }
        },
        "deep-is": {
            "version": "0.1.3",
            "resolved": "https://registry.npmjs.org/deep-is/-/deep-is-0.1.3.tgz",
            "integrity": "sha1-s2nW+128E+7PUk+RsHD+7cNXzzQ=",
            "dev": true
        },
        "degenerator": {
            "version": "1.0.4",
            "resolved": "https://registry.npmjs.org/degenerator/-/degenerator-1.0.4.tgz",
            "integrity": "sha1-/PSQo37OJmRk2cxDGrmMWBnO0JU=",
            "dev": true,
            "requires": {
                "ast-types": "0.x.x",
                "escodegen": "1.x.x",
                "esprima": "3.x.x"
            }
        },
        "delayed-stream": {
            "version": "1.0.0",
            "resolved": "https://registry.npmjs.org/delayed-stream/-/delayed-stream-1.0.0.tgz",
            "integrity": "sha1-3zrhmayt+31ECqrgsp4icrJOxhk=",
            "dev": true
        },
        "depd": {
            "version": "1.1.2",
            "resolved": "https://registry.npmjs.org/depd/-/depd-1.1.2.tgz",
            "integrity": "sha1-m81S4UwJd2PnSbJ0xDRu0uVgtak=",
            "dev": true
        },
        "dom-serializer": {
            "version": "1.1.0",
            "resolved": "https://registry.npmjs.org/dom-serializer/-/dom-serializer-1.1.0.tgz",
            "integrity": "sha512-ox7bvGXt2n+uLWtCRLybYx60IrOlWL/aCebWJk1T0d4m3y2tzf4U3ij9wBMUb6YJZpz06HCCYuyCDveE2xXmzQ==",
            "dev": true,
            "requires": {
                "domelementtype": "^2.0.1",
                "domhandler": "^3.0.0",
                "entities": "^2.0.0"
            }
        },
        "domelementtype": {
            "version": "2.0.2",
            "resolved": "https://registry.npmjs.org/domelementtype/-/domelementtype-2.0.2.tgz",
            "integrity": "sha512-wFwTwCVebUrMgGeAwRL/NhZtHAUyT9n9yg4IMDwf10+6iCMxSkVq9MGCVEH+QZWo1nNidy8kNvwmv4zWHDTqvA==",
            "dev": true
        },
        "domhandler": {
            "version": "3.3.0",
            "resolved": "https://registry.npmjs.org/domhandler/-/domhandler-3.3.0.tgz",
            "integrity": "sha512-J1C5rIANUbuYK+FuFL98650rihynUOEzRLxW+90bKZRWB6A1X1Tf82GxR1qAWLyfNPRvjqfip3Q5tdYlmAa9lA==",
            "dev": true,
            "requires": {
                "domelementtype": "^2.0.1"
            }
        },
        "domutils": {
            "version": "2.4.2",
            "resolved": "https://registry.npmjs.org/domutils/-/domutils-2.4.2.tgz",
            "integrity": "sha512-NKbgaM8ZJOecTZsIzW5gSuplsX2IWW2mIK7xVr8hTQF2v1CJWTmLZ1HOCh5sH+IzVPAGE5IucooOkvwBRAdowA==",
            "dev": true,
            "requires": {
                "dom-serializer": "^1.0.1",
                "domelementtype": "^2.0.1",
                "domhandler": "^3.3.0"
            }
        },
        "entities": {
            "version": "2.1.0",
            "resolved": "https://registry.npmjs.org/entities/-/entities-2.1.0.tgz",
            "integrity": "sha512-hCx1oky9PFrJ611mf0ifBLBRW8lUUVRlFolb5gWRfIELabBlbp9xZvrqZLZAs+NxFnbfQoeGd8wDkygjg7U85w==",
            "dev": true
        },
        "es6-promise": {
            "version": "4.2.8",
            "resolved": "https://registry.npmjs.org/es6-promise/-/es6-promise-4.2.8.tgz",
            "integrity": "sha512-HJDGx5daxeIvxdBxvG2cb9g4tEvwIk3i8+nhX0yGrYmZUzbkdg8QbDevheDB8gd0//uPj4c1EQua8Q+MViT0/w==",
            "dev": true
        },
        "es6-promisify": {
            "version": "5.0.0",
            "resolved": "https://registry.npmjs.org/es6-promisify/-/es6-promisify-5.0.0.tgz",
            "integrity": "sha1-UQnWLz5W6pZ8S2NQWu8IKRyKUgM=",
            "dev": true,
            "requires": {
                "es6-promise": "^4.0.3"
            }
        },
        "escape-string-regexp": {
            "version": "1.0.5",
            "resolved": "https://registry.npmjs.org/escape-string-regexp/-/escape-string-regexp-1.0.5.tgz",
            "integrity": "sha1-G2HAViGQqN/2rjuyzwIAyhMLhtQ=",
            "dev": true
        },
        "escodegen": {
            "version": "1.14.3",
            "resolved": "https://registry.npmjs.org/escodegen/-/escodegen-1.14.3.tgz",
            "integrity": "sha512-qFcX0XJkdg+PB3xjZZG/wKSuT1PnQWx57+TVSjIMmILd2yC/6ByYElPwJnslDsuWuSAp4AwJGumarAAmJch5Kw==",
            "dev": true,
            "requires": {
                "esprima": "^4.0.1",
                "estraverse": "^4.2.0",
                "esutils": "^2.0.2",
                "optionator": "^0.8.1",
                "source-map": "~0.6.1"
            },
            "dependencies": {
                "esprima": {
                    "version": "4.0.1",
                    "resolved": "https://registry.npmjs.org/esprima/-/esprima-4.0.1.tgz",
                    "integrity": "sha512-eGuFFw7Upda+g4p+QHvnW0RyTX/SVeJBDM/gCtMARO0cLuT2HcEKnTPvhjV6aGeqrCB/sbNop0Kszm0jsaWU4A==",
                    "dev": true
                }
            }
        },
        "esprima": {
            "version": "3.1.3",
            "resolved": "https://registry.npmjs.org/esprima/-/esprima-3.1.3.tgz",
            "integrity": "sha1-/cpRzuYTOJXjyI1TXOSdv/YqRjM=",
            "dev": true
        },
        "estraverse": {
            "version": "4.3.0",
            "resolved": "https://registry.npmjs.org/estraverse/-/estraverse-4.3.0.tgz",
            "integrity": "sha512-39nnKffWz8xN1BU/2c79n9nB9HDzo0niYUqx6xyqUnyoAnQyyWpOTdZEeiCch8BBu515t4wp9ZmgVfVhn9EBpw==",
            "dev": true
        },
        "esutils": {
            "version": "2.0.3",
            "resolved": "https://registry.npmjs.org/esutils/-/esutils-2.0.3.tgz",
            "integrity": "sha512-kVscqXk4OCp68SZ0dkgEKVi6/8ij300KBWTJq32P/dYeWTSwK41WyTxalN1eRmA5Z9UU/LX9D7FWSmV9SAYx6g==",
            "dev": true
        },
        "extend": {
            "version": "3.0.2",
            "resolved": "https://registry.npmjs.org/extend/-/extend-3.0.2.tgz",
            "integrity": "sha512-fjquC59cD7CyW6urNXK0FBufkZcoiGG80wTuPujX590cB5Ttln20E2UB4S/WARVqhXffZl2LNgS+gQdPIIim/g==",
            "dev": true
        },
        "fast-levenshtein": {
            "version": "2.0.6",
            "resolved": "https://registry.npmjs.org/fast-levenshtein/-/fast-levenshtein-2.0.6.tgz",
            "integrity": "sha1-PYpcZog6FqMMqGQ+hR8Zuqd5eRc=",
            "dev": true
        },
        "fclone": {
            "version": "1.0.11",
            "resolved": "https://registry.npmjs.org/fclone/-/fclone-1.0.11.tgz",
            "integrity": "sha1-EOhdo4v+p/xZk0HClu4ddyZu5kA=",
            "dev": true
        },
        "file-uri-to-path": {
            "version": "1.0.0",
            "resolved": "https://registry.npmjs.org/file-uri-to-path/-/file-uri-to-path-1.0.0.tgz",
            "integrity": "sha512-0Zt+s3L7Vf1biwWZ29aARiVYLx7iMGnEUl9x33fbB/j3jR81u/O2LbqK+Bm1CDSNDKVtJ/YjwY7TUd5SkeLQLw==",
            "dev": true
        },
        "form-data": {
            "version": "2.5.1",
            "resolved": "https://registry.npmjs.org/form-data/-/form-data-2.5.1.tgz",
            "integrity": "sha512-m21N3WOmEEURgk6B9GLOE4RuWOFf28Lhh9qGYeNlGq4VDXUlJy2th2slBNU8Gp8EzloYZOibZJ7t5ecIrFSjVA==",
            "dev": true,
            "requires": {
                "asynckit": "^0.4.0",
                "combined-stream": "^1.0.6",
                "mime-types": "^2.1.12"
            }
        },
        "formidable": {
            "version": "1.2.2",
            "resolved": "https://registry.npmjs.org/formidable/-/formidable-1.2.2.tgz",
            "integrity": "sha512-V8gLm+41I/8kguQ4/o1D3RIHRmhYFG4pnNyonvua+40rqcEmT4+V71yaZ3B457xbbgCsCfjSPi65u/W6vK1U5Q==",
            "dev": true
        },
        "ftp": {
            "version": "0.3.10",
            "resolved": "https://registry.npmjs.org/ftp/-/ftp-0.3.10.tgz",
            "integrity": "sha1-kZfYYa2BQvPmPVqDv+TFn3MwiF0=",
            "dev": true,
            "requires": {
                "readable-stream": "1.1.x",
                "xregexp": "2.0.0"
            },
            "dependencies": {
                "isarray": {
                    "version": "0.0.1",
                    "resolved": "https://registry.npmjs.org/isarray/-/isarray-0.0.1.tgz",
                    "integrity": "sha1-ihis/Kmo9Bd+Cav8YDiTmwXR7t8=",
                    "dev": true
                },
                "readable-stream": {
                    "version": "1.1.14",
                    "resolved": "https://registry.npmjs.org/readable-stream/-/readable-stream-1.1.14.tgz",
                    "integrity": "sha1-fPTFTvZI44EwhMY23SB54WbAgdk=",
                    "dev": true,
                    "requires": {
                        "core-util-is": "~1.0.0",
                        "inherits": "~2.0.1",
                        "isarray": "0.0.1",
                        "string_decoder": "~0.10.x"
                    }
                },
                "string_decoder": {
                    "version": "0.10.31",
                    "resolved": "https://registry.npmjs.org/string_decoder/-/string_decoder-0.10.31.tgz",
                    "integrity": "sha1-YuIDvEF2bGwoyfyEMB2rHFMQ+pQ=",
                    "dev": true
                }
            }
        },
        "get-uri": {
            "version": "2.0.4",
            "resolved": "https://registry.npmjs.org/get-uri/-/get-uri-2.0.4.tgz",
            "integrity": "sha512-v7LT/s8kVjs+Tx0ykk1I+H/rbpzkHvuIq87LmeXptcf5sNWm9uQiwjNAt94SJPA1zOlCntmnOlJvVWKmzsxG8Q==",
            "dev": true,
            "requires": {
                "data-uri-to-buffer": "1",
                "debug": "2",
                "extend": "~3.0.2",
                "file-uri-to-path": "1",
                "ftp": "~0.3.10",
                "readable-stream": "2"
            },
            "dependencies": {
                "debug": {
                    "version": "2.6.9",
                    "resolved": "https://registry.npmjs.org/debug/-/debug-2.6.9.tgz",
                    "integrity": "sha512-bC7ElrdJaJnPbAP+1EotYvqZsb3ecl5wi6Bfi6BJTUcNowp6cvspg0jXznRTKDjm/E7AdgFBVeAPVMNcKGsHMA==",
                    "dev": true,
                    "requires": {
                        "ms": "2.0.0"
                    }
                },
                "ms": {
                    "version": "2.0.0",
                    "resolved": "https://registry.npmjs.org/ms/-/ms-2.0.0.tgz",
                    "integrity": "sha1-VgiurfwAvmwpAd9fmGF4jeDVl8g=",
                    "dev": true
                }
            }
        },
        "has-flag": {
            "version": "3.0.0",
            "resolved": "https://registry.npmjs.org/has-flag/-/has-flag-3.0.0.tgz",
            "integrity": "sha1-tdRU3CGZriJWmfNGfloH87lVuv0=",
            "dev": true
        },
        "htmlparser2": {
            "version": "5.0.1",
            "resolved": "https://registry.npmjs.org/htmlparser2/-/htmlparser2-5.0.1.tgz",
            "integrity": "sha512-vKZZra6CSe9qsJzh0BjBGXo8dvzNsq/oGvsjfRdOrrryfeD9UOBEEQdeoqCRmKZchF5h2zOBMQ6YuQ0uRUmdbQ==",
            "dev": true,
            "requires": {
                "domelementtype": "^2.0.1",
                "domhandler": "^3.3.0",
                "domutils": "^2.4.2",
                "entities": "^2.0.0"
            }
        },
        "http-errors": {
            "version": "1.7.3",
            "resolved": "https://registry.npmjs.org/http-errors/-/http-errors-1.7.3.tgz",
            "integrity": "sha512-ZTTX0MWrsQ2ZAhA1cejAwDLycFsd7I7nVtnkT3Ol0aqodaKW+0CTZDQ1uBv5whptCnc8e8HeRRJxRs0kmm/Qfw==",
            "dev": true,
            "requires": {
                "depd": "~1.1.2",
                "inherits": "2.0.4",
                "setprototypeof": "1.1.1",
                "statuses": ">= 1.5.0 < 2",
                "toidentifier": "1.0.0"
            }
        },
        "http-proxy-agent": {
            "version": "2.1.0",
            "resolved": "https://registry.npmjs.org/http-proxy-agent/-/http-proxy-agent-2.1.0.tgz",
            "integrity": "sha512-qwHbBLV7WviBl0rQsOzH6o5lwyOIvwp/BdFnvVxXORldu5TmjFfjzBcWUWS5kWAZhmv+JtiDhSuQCp4sBfbIgg==",
            "dev": true,
            "requires": {
                "agent-base": "4",
                "debug": "3.1.0"
            },
            "dependencies": {
                "debug": {
                    "version": "3.1.0",
                    "resolved": "https://registry.npmjs.org/debug/-/debug-3.1.0.tgz",
                    "integrity": "sha512-OX8XqP7/1a9cqkxYw2yXss15f26NKWBpDXQd0/uK/KPqdQhxbPa994hnzjcE2VqQpDslf55723cKPUOGSmMY3g==",
                    "dev": true,
                    "requires": {
                        "ms": "2.0.0"
                    }
                },
                "ms": {
                    "version": "2.0.0",
                    "resolved": "https://registry.npmjs.org/ms/-/ms-2.0.0.tgz",
                    "integrity": "sha1-VgiurfwAvmwpAd9fmGF4jeDVl8g=",
                    "dev": true
                }
            }
        },
        "https-proxy-agent": {
            "version": "2.2.4",
            "resolved": "https://registry.npmjs.org/https-proxy-agent/-/https-proxy-agent-2.2.4.tgz",
            "integrity": "sha512-OmvfoQ53WLjtA9HeYP9RNrWMJzzAz1JGaSFr1nijg0PVR1JaD/xbJq1mdEIIlxGpXp9eSe/O2LgU9DJmTPd0Eg==",
            "dev": true,
            "requires": {
                "agent-base": "^4.3.0",
                "debug": "^3.1.0"
            }
        },
        "iconv-lite": {
            "version": "0.4.24",
            "resolved": "https://registry.npmjs.org/iconv-lite/-/iconv-lite-0.4.24.tgz",
            "integrity": "sha512-v3MXnZAcvnywkTUEZomIActle7RXXeedOR31wwl7VlyoXO4Qi9arvSenNQWne1TcRwhCL1HwLI21bEqdpj8/rA==",
            "dev": true,
            "requires": {
                "safer-buffer": ">= 2.1.2 < 3"
            }
        },
        "inherits": {
            "version": "2.0.4",
            "resolved": "https://registry.npmjs.org/inherits/-/inherits-2.0.4.tgz",
            "integrity": "sha512-k/vGaX4/Yla3WzyMCvTQOXYeIHvqOKtnqBduzTHpzpQZzAskKMhZ2K+EnBiSM9zGSoIFeMpXKxa4dYeZIQqewQ==",
            "dev": true
        },
        "ip": {
            "version": "1.1.5",
            "resolved": "https://registry.npmjs.org/ip/-/ip-1.1.5.tgz",
            "integrity": "sha1-vd7XARQpCCjAoDnnLvJfWq7ENUo=",
            "dev": true
        },
        "is-json": {
            "version": "2.0.1",
            "resolved": "https://registry.npmjs.org/is-json/-/is-json-2.0.1.tgz",
            "integrity": "sha1-a+Fm0USCihMdaGiRuYPfYsOUkf8=",
            "dev": true
        },
        "isarray": {
            "version": "1.0.0",
            "resolved": "https://registry.npmjs.org/isarray/-/isarray-1.0.0.tgz",
            "integrity": "sha1-u5NdSFgsuhaMBoNJV6VKPgcSTxE=",
            "dev": true
        },
        "levn": {
            "version": "0.3.0",
            "resolved": "https://registry.npmjs.org/levn/-/levn-0.3.0.tgz",
            "integrity": "sha1-OwmSTt+fCDwEkP3UwLxEIeBHZO4=",
            "dev": true,
            "requires": {
                "prelude-ls": "~1.1.2",
                "type-check": "~0.3.2"
            }
        },
        "log-symbols": {
            "version": "3.0.0",
            "resolved": "https://registry.npmjs.org/log-symbols/-/log-symbols-3.0.0.tgz",
            "integrity": "sha512-dSkNGuI7iG3mfvDzUuYZyvk5dD9ocYCYzNU6CYDE6+Xqd+gwme6Z00NS3dUh8mq/73HaEtT7m6W+yUPtU6BZnQ==",
            "dev": true,
            "requires": {
                "chalk": "^2.4.2"
            }
        },
        "lru-cache": {
            "version": "4.1.5",
            "resolved": "https://registry.npmjs.org/lru-cache/-/lru-cache-4.1.5.tgz",
            "integrity": "sha512-sWZlbEP2OsHNkXrMl5GYk/jKk70MBng6UU4YI/qGDYbgf6YbP4EvmqISbXCoJiRKs+1bSpFHVgQxvJ17F2li5g==",
            "dev": true,
            "requires": {
                "pseudomap": "^1.0.2",
                "yallist": "^2.1.2"
            }
        },
        "methods": {
            "version": "1.1.2",
            "resolved": "https://registry.npmjs.org/methods/-/methods-1.1.2.tgz",
            "integrity": "sha1-VSmk1nZUE07cxSZmVoNbD4Ua/O4=",
            "dev": true
        },
        "mime": {
            "version": "1.6.0",
            "resolved": "https://registry.npmjs.org/mime/-/mime-1.6.0.tgz",
            "integrity": "sha512-x0Vn8spI+wuJ1O6S7gnbaQg8Pxh4NNHb7KSINmEWKiPE4RKOplvijn+NkmYmmRgP68mc70j2EbeTFRsrswaQeg==",
            "dev": true
        },
        "mime-db": {
            "version": "1.44.0",
            "resolved": "https://registry.npmjs.org/mime-db/-/mime-db-1.44.0.tgz",
            "integrity": "sha512-/NOTfLrsPBVeH7YtFPgsVWveuL+4SjjYxaQ1xtM1KMFj7HdxlBlxeyNLzhyJVx7r4rZGJAZ/6lkKCitSc/Nmpg==",
            "dev": true
        },
        "mime-types": {
            "version": "2.1.27",
            "resolved": "https://registry.npmjs.org/mime-types/-/mime-types-2.1.27.tgz",
            "integrity": "sha512-JIhqnCasI9yD+SsmkquHBxTSEuZdQX5BuQnS2Vc7puQQQ+8yiP5AY5uWhpdv4YL4VM5c6iliiYWPgJ/nJQLp7w==",
            "dev": true,
            "requires": {
                "mime-db": "1.44.0"
            }
        },
        "ms": {
            "version": "2.1.2",
            "resolved": "https://registry.npmjs.org/ms/-/ms-2.1.2.tgz",
            "integrity": "sha512-sGkPx+VjMtmA6MX27oA4FBFELFCZZ4S4XqeGOXCv68tT+jb3vk/RyaKWP0PTKyWtmLSM0b+adUTEvbs1PEaH2w==",
            "dev": true
        },
        "netmask": {
            "version": "1.0.6",
            "resolved": "https://registry.npmjs.org/netmask/-/netmask-1.0.6.tgz",
            "integrity": "sha1-ICl+idhvb2QA8lDZ9Pa0wZRfzTU=",
            "dev": true
        },
        "optionator": {
            "version": "0.8.3",
            "resolved": "https://registry.npmjs.org/optionator/-/optionator-0.8.3.tgz",
            "integrity": "sha512-+IW9pACdk3XWmmTXG8m3upGUJst5XRGzxMRjXzAuJ1XnIFNvfhjjIuYkDvysnPQ7qzqVzLt78BCruntqRhWQbA==",
            "dev": true,
            "requires": {
                "deep-is": "~0.1.3",
                "fast-levenshtein": "~2.0.6",
                "levn": "~0.3.0",
                "prelude-ls": "~1.1.2",
                "type-check": "~0.3.2",
                "word-wrap": "~1.2.3"
            }
        },
        "pac-proxy-agent": {
            "version": "2.0.2",
            "resolved": "https://registry.npmjs.org/pac-proxy-agent/-/pac-proxy-agent-2.0.2.tgz",
            "integrity": "sha512-cDNAN1Ehjbf5EHkNY5qnRhGPUCp6SnpyVof5fRzN800QV1Y2OkzbH9rmjZkbBRa8igof903yOnjIl6z0SlAhxA==",
            "dev": true,
            "requires": {
                "agent-base": "^4.2.0",
                "debug": "^3.1.0",
                "get-uri": "^2.0.0",
                "http-proxy-agent": "^2.1.0",
                "https-proxy-agent": "^2.2.1",
                "pac-resolver": "^3.0.0",
                "raw-body": "^2.2.0",
                "socks-proxy-agent": "^3.0.0"
            }
        },
        "pac-resolver": {
            "version": "3.0.0",
            "resolved": "https://registry.npmjs.org/pac-resolver/-/pac-resolver-3.0.0.tgz",
            "integrity": "sha512-tcc38bsjuE3XZ5+4vP96OfhOugrX+JcnpUbhfuc4LuXBLQhoTthOstZeoQJBDnQUDYzYmdImKsbz0xSl1/9qeA==",
            "dev": true,
            "requires": {
                "co": "^4.6.0",
                "degenerator": "^1.0.4",
                "ip": "^1.1.5",
                "netmask": "^1.0.6",
                "thunkify": "^2.1.2"
            }
        },
        "posthtml-expressions": {
            "version": "1.6.0",
            "resolved": "https://registry.npmjs.org/posthtml-expressions/-/posthtml-expressions-1.6.0.tgz",
            "integrity": "sha512-BEaNitW8WXwv/EZA2zNa7vxFHqCOe0IMCGXxVoQwel0NbJsL+NtCifu99bRF4fhDarV43QVCBkQDaPCUdPbxPA==",
            "dev": true,
            "requires": {
                "fclone": "^1.0.11",
                "posthtml-parser": "^0.5.2",
                "posthtml-render": "^1.2.3"
            }
        },
        "posthtml-match-helper": {
            "version": "1.0.1",
            "resolved": "https://registry.npmjs.org/posthtml-match-helper/-/posthtml-match-helper-1.0.1.tgz",
            "integrity": "sha1-RRJT3o5YRKNI6WOtXt13aesSlRM=",
            "dev": true
        },
        "posthtml-modules": {
            "version": "0.6.2",
            "resolved": "https://registry.npmjs.org/posthtml-modules/-/posthtml-modules-0.6.2.tgz",
            "integrity": "sha512-D6rT8EV+SIL920JOhze40mGxs27RrPjriAcnZQvmT1TnrdW+imp6nuRfgzzDvRXecTxHE1JdRo6jTRioMKfSWw==",
            "dev": true,
            "requires": {
                "is-json": "^2.0.1",
                "posthtml-expressions": "^1.4.5",
                "posthtml-match-helper": "^1.0.1",
                "posthtml-render": "^1.2.2"
            }
        },
        "posthtml-parser": {
            "version": "0.5.2",
            "resolved": "https://registry.npmjs.org/posthtml-parser/-/posthtml-parser-0.5.2.tgz",
            "integrity": "sha512-rwRA0TyUTivQN6NAG8CLhi8KEdqjWQMZSAJQedxkuH1c8/hme99WDVOW+z8Ony+YLmoaH0sJRUk6RCWVFQ6Rkw==",
            "dev": true,
            "requires": {
                "htmlparser2": "^5.0.1"
            }
        },
        "posthtml-render": {
            "version": "1.2.3",
            "resolved": "https://registry.npmjs.org/posthtml-render/-/posthtml-render-1.2.3.tgz",
            "integrity": "sha512-rGGayND//VwTlsYKNqdILsA7U/XP0WJa6SMcdAEoqc2WRM5QExplGg/h9qbTuHz7mc2PvaXU+6iNxItvr5aHMg==",
            "dev": true
        },
        "posthtml-w3c": {
            "version": "0.9.0",
            "resolved": "https://registry.npmjs.org/posthtml-w3c/-/posthtml-w3c-0.9.0.tgz",
            "integrity": "sha512-ilsQm2Yw//Zfa02SU639U+rDTXy3XzovFP1JEs8Hhv8ajFwUhJSn+ctKykMfdtaNPG6pNEvqcLZhGLSxAg51MQ==",
            "dev": true,
            "requires": {
                "log-symbols": "^3.0.0",
                "posthtml-render": "^1.2.0",
                "text-table": "^0.2.0",
                "w3cjs": "^0.4.0"
            }
        },
        "prelude-ls": {
            "version": "1.1.2",
            "resolved": "https://registry.npmjs.org/prelude-ls/-/prelude-ls-1.1.2.tgz",
            "integrity": "sha1-IZMqVJ9eUv/ZqCf1cOBL5iqX2lQ=",
            "dev": true
        },
        "process-nextick-args": {
            "version": "2.0.1",
            "resolved": "https://registry.npmjs.org/process-nextick-args/-/process-nextick-args-2.0.1.tgz",
            "integrity": "sha512-3ouUOpQhtgrbOa17J7+uxOTpITYWaGP7/AhoR3+A+/1e9skrzelGi/dXzEYyvbxubEF6Wn2ypscTKiKJFFn1ag==",
            "dev": true
        },
        "proxy-agent": {
            "version": "2.3.1",
            "resolved": "https://registry.npmjs.org/proxy-agent/-/proxy-agent-2.3.1.tgz",
            "integrity": "sha512-CNKuhC1jVtm8KJYFTS2ZRO71VCBx3QSA92So/e6NrY6GoJonkx3Irnk4047EsCcswczwqAekRj3s8qLRGahSKg==",
            "dev": true,
            "requires": {
                "agent-base": "^4.2.0",
                "debug": "^3.1.0",
                "http-proxy-agent": "^2.1.0",
                "https-proxy-agent": "^2.2.1",
                "lru-cache": "^4.1.2",
                "pac-proxy-agent": "^2.0.1",
                "proxy-from-env": "^1.0.0",
                "socks-proxy-agent": "^3.0.0"
            }
        },
        "proxy-from-env": {
            "version": "1.1.0",
            "resolved": "https://registry.npmjs.org/proxy-from-env/-/proxy-from-env-1.1.0.tgz",
            "integrity": "sha512-D+zkORCbA9f1tdWRK0RaCR3GPv50cMxcrz4X8k5LTSUD1Dkw47mKJEZQNunItRTkWwgtaUSo1RVFRIG9ZXiFYg==",
            "dev": true
        },
        "pseudomap": {
            "version": "1.0.2",
            "resolved": "https://registry.npmjs.org/pseudomap/-/pseudomap-1.0.2.tgz",
            "integrity": "sha1-8FKijacOYYkX7wqKw0wa5aaChrM=",
            "dev": true
        },
        "qs": {
            "version": "6.9.4",
            "resolved": "https://registry.npmjs.org/qs/-/qs-6.9.4.tgz",
            "integrity": "sha512-A1kFqHekCTM7cz0udomYUoYNWjBebHm/5wzU/XqrBRBNWectVH0QIiN+NEcZ0Dte5hvzHwbr8+XQmguPhJ6WdQ==",
            "dev": true
        },
        "raw-body": {
            "version": "2.4.1",
            "resolved": "https://registry.npmjs.org/raw-body/-/raw-body-2.4.1.tgz",
            "integrity": "sha512-9WmIKF6mkvA0SLmA2Knm9+qj89e+j1zqgyn8aXGd7+nAduPoqgI9lO57SAZNn/Byzo5P7JhXTyg9PzaJbH73bA==",
            "dev": true,
            "requires": {
                "bytes": "3.1.0",
                "http-errors": "1.7.3",
                "iconv-lite": "0.4.24",
                "unpipe": "1.0.0"
            }
        },
        "readable-stream": {
            "version": "2.3.7",
            "resolved": "https://registry.npmjs.org/readable-stream/-/readable-stream-2.3.7.tgz",
            "integrity": "sha512-Ebho8K4jIbHAxnuxi7o42OrZgF/ZTNcsZj6nRKyUmkhLFq8CHItp/fy6hQZuZmP/n3yZ9VBUbp4zz/mX8hmYPw==",
            "dev": true,
            "requires": {
                "core-util-is": "~1.0.0",
                "inherits": "~2.0.3",
                "isarray": "~1.0.0",
                "process-nextick-args": "~2.0.0",
                "safe-buffer": "~5.1.1",
                "string_decoder": "~1.1.1",
                "util-deprecate": "~1.0.1"
            }
        },
        "safe-buffer": {
            "version": "5.1.2",
            "resolved": "https://registry.npmjs.org/safe-buffer/-/safe-buffer-5.1.2.tgz",
            "integrity": "sha512-Gd2UZBJDkXlY7GbJxfsE8/nvKkUEU1G38c1siN6QP6a9PT9MmHB8GnpscSmMJSoF8LOIrt8ud/wPtojys4G6+g==",
            "dev": true
        },
        "safer-buffer": {
            "version": "2.1.2",
            "resolved": "https://registry.npmjs.org/safer-buffer/-/safer-buffer-2.1.2.tgz",
            "integrity": "sha512-YZo3K82SD7Riyi0E1EQPojLz7kpepnSQI9IyPbHHg1XXXevb5dJI7tpyN2ADxGcQbHG7vcyRHk0cbwqcQriUtg==",
            "dev": true
        },
        "setprototypeof": {
            "version": "1.1.1",
            "resolved": "https://registry.npmjs.org/setprototypeof/-/setprototypeof-1.1.1.tgz",
            "integrity": "sha512-JvdAWfbXeIGaZ9cILp38HntZSFSo3mWg6xGcJJsd+d4aRMOqauag1C63dJfDw7OaMYwEbHMOxEZ1lqVRYP2OAw==",
            "dev": true
        },
        "smart-buffer": {
            "version": "1.1.15",
            "resolved": "https://registry.npmjs.org/smart-buffer/-/smart-buffer-1.1.15.tgz",
            "integrity": "sha1-fxFLW2X6s+KjWqd1uxLw0cZJvxY=",
            "dev": true
        },
        "socks": {
            "version": "1.1.10",
            "resolved": "https://registry.npmjs.org/socks/-/socks-1.1.10.tgz",
            "integrity": "sha1-W4t/x8jzQcU+0FbpKbe/Tei6e1o=",
            "dev": true,
            "requires": {
                "ip": "^1.1.4",
                "smart-buffer": "^1.0.13"
            }
        },
        "socks-proxy-agent": {
            "version": "3.0.1",
            "resolved": "https://registry.npmjs.org/socks-proxy-agent/-/socks-proxy-agent-3.0.1.tgz",
            "integrity": "sha512-ZwEDymm204mTzvdqyUqOdovVr2YRd2NYskrYrF2LXyZ9qDiMAoFESGK8CRphiO7rtbo2Y757k2Nia3x2hGtalA==",
            "dev": true,
            "requires": {
                "agent-base": "^4.1.0",
                "socks": "^1.1.10"
            }
        },
        "source-map": {
            "version": "0.6.1",
            "resolved": "https://registry.npmjs.org/source-map/-/source-map-0.6.1.tgz",
            "integrity": "sha512-UjgapumWlbMhkBgzT7Ykc5YXUT46F0iKu8SGXq0bcwP5dz/h0Plj6enJqjz1Zbq2l5WaqYnrVbwWOWMyF3F47g==",
            "dev": true,
            "optional": true
        },
        "statuses": {
            "version": "1.5.0",
            "resolved": "https://registry.npmjs.org/statuses/-/statuses-1.5.0.tgz",
            "integrity": "sha1-Fhx9rBd2Wf2YEfQ3cfqZOBR4Yow=",
            "dev": true
        },
        "string_decoder": {
            "version": "1.1.1",
            "resolved": "https://registry.npmjs.org/string_decoder/-/string_decoder-1.1.1.tgz",
            "integrity": "sha512-n/ShnvDi6FHbbVfviro+WojiFzv+s8MPMHBczVePfUpDJLwoLT0ht1l4YwBCbi8pJAveEEdnkHyPyTP/mzRfwg==",
            "dev": true,
            "requires": {
                "safe-buffer": "~5.1.0"
            }
        },
        "superagent": {
            "version": "3.8.3",
            "resolved": "https://registry.npmjs.org/superagent/-/superagent-3.8.3.tgz",
            "integrity": "sha512-GLQtLMCoEIK4eDv6OGtkOoSMt3D+oq0y3dsxMuYuDvaNUvuT8eFBuLmfR0iYYzHC1e8hpzC6ZsxbuP6DIalMFA==",
            "dev": true,
            "requires": {
                "component-emitter": "^1.2.0",
                "cookiejar": "^2.1.0",
                "debug": "^3.1.0",
                "extend": "^3.0.0",
                "form-data": "^2.3.1",
                "formidable": "^1.2.0",
                "methods": "^1.1.1",
                "mime": "^1.4.1",
                "qs": "^6.5.1",
                "readable-stream": "^2.3.5"
            }
        },
        "superagent-proxy": {
            "version": "1.0.3",
            "resolved": "https://registry.npmjs.org/superagent-proxy/-/superagent-proxy-1.0.3.tgz",
            "integrity": "sha512-79Ujg1lRL2ICfuHUdX+H2MjIw73kB7bXsIkxLwHURz3j0XUmEEEoJ+u/wq+mKwna21Uejsm2cGR3OESA00TIjA==",
            "dev": true,
            "requires": {
                "debug": "^3.1.0",
                "proxy-agent": "2"
            }
        },
        "supports-color": {
            "version": "5.5.0",
            "resolved": "https://registry.npmjs.org/supports-color/-/supports-color-5.5.0.tgz",
            "integrity": "sha512-QjVjwdXIt408MIiAqCX4oUKsgU2EqAGzs2Ppkm4aQYbjm+ZEWEcW4SfFNTr4uMNZma0ey4f5lgLrkB0aX0QMow==",
            "dev": true,
            "requires": {
                "has-flag": "^3.0.0"
            }
        },
        "text-table": {
            "version": "0.2.0",
            "resolved": "https://registry.npmjs.org/text-table/-/text-table-0.2.0.tgz",
            "integrity": "sha1-f17oI66AUgfACvLfSoTsP8+lcLQ=",
            "dev": true
        },
        "thunkify": {
            "version": "2.1.2",
            "resolved": "https://registry.npmjs.org/thunkify/-/thunkify-2.1.2.tgz",
            "integrity": "sha1-+qDp0jDFGsyVyhOjYawFyn4EVT0=",
            "dev": true
        },
        "toidentifier": {
            "version": "1.0.0",
            "resolved": "https://registry.npmjs.org/toidentifier/-/toidentifier-1.0.0.tgz",
            "integrity": "sha512-yaOH/Pk/VEhBWWTlhI+qXxDFXlejDGcQipMlyxda9nthulaxLZUNcUqFxokp0vcYnvteJln5FNQDRrxj3YcbVw==",
            "dev": true
        },
        "tslib": {
            "version": "2.0.3",
            "resolved": "https://registry.npmjs.org/tslib/-/tslib-2.0.3.tgz",
            "integrity": "sha512-uZtkfKblCEQtZKBF6EBXVZeQNl82yqtDQdv+eck8u7tdPxjLu2/lp5/uPW+um2tpuxINHWy3GhiccY7QgEaVHQ==",
            "dev": true
        },
        "type-check": {
            "version": "0.3.2",
            "resolved": "https://registry.npmjs.org/type-check/-/type-check-0.3.2.tgz",
            "integrity": "sha1-WITKtRLPHTVeP7eE8wgEsrUg23I=",
            "dev": true,
            "requires": {
                "prelude-ls": "~1.1.2"
            }
        },
        "unpipe": {
            "version": "1.0.0",
            "resolved": "https://registry.npmjs.org/unpipe/-/unpipe-1.0.0.tgz",
            "integrity": "sha1-sr9O6FFKrmFltIF4KdIbLvSZBOw=",
            "dev": true
        },
        "util-deprecate": {
            "version": "1.0.2",
            "resolved": "https://registry.npmjs.org/util-deprecate/-/util-deprecate-1.0.2.tgz",
            "integrity": "sha1-RQ1Nyfpw3nMnYvvS1KKJgUGaDM8=",
            "dev": true
        },
        "w3cjs": {
            "version": "0.4.0",
            "resolved": "https://registry.npmjs.org/w3cjs/-/w3cjs-0.4.0.tgz",
            "integrity": "sha1-EzYk4LhlYmfPanCF2NfGlLcPBI8=",
            "dev": true,
            "requires": {
                "commander": "^2.9.0",
                "superagent": "^3.5.2",
                "superagent-proxy": "^1.0.2"
            }
        },
        "word-wrap": {
            "version": "1.2.3",
            "resolved": "https://registry.npmjs.org/word-wrap/-/word-wrap-1.2.3.tgz",
            "integrity": "sha512-Hz/mrNwitNRh/HUAtM/VT/5VH+ygD6DV7mYKZAtHOrbs8U7lvPS6xf7EJKMF0uW1KJCl0H701g3ZGus+muE5vQ==",
            "dev": true
        },
        "xregexp": {
            "version": "2.0.0",
            "resolved": "https://registry.npmjs.org/xregexp/-/xregexp-2.0.0.tgz",
            "integrity": "sha1-UqY+VsoLhKfzpfPWGHLxJq16WUM=",
            "dev": true
        },
        "yallist": {
            "version": "2.1.2",
            "resolved": "https://registry.npmjs.org/yallist/-/yallist-2.1.2.tgz",
            "integrity": "sha1-HBH5IY8HYImkfdUS+TxmmaaoHVI=",
            "dev": true
        }
    }
}
